
Microsoft Visual Studio Solution File, Format Version 12.00
# Visual Studio 15
VisualStudioVersion = 15.0.28307.329
MinimumVisualStudioVersion = 10.0.40219.1
Project("{FAE04EC0-301F-11D3-BF4B-00C04F79EFBC}") = "OWASP.Top10", "OWASP.Top10\OWASP.Top10.csproj", "{AB354246-2E13-4F3A-ACE9-FCD280475F85}"
EndProject
Global
	GlobalSection(SolutionConfigurationPlatforms) = preSolution
		Debug|Any CPU = Debug|Any CPU
		Release|Any CPU = Release|Any CPU
	EndGlobalSection
	GlobalSection(ProjectConfigurationPlatforms) = postSolution
		{AB354246-2E13-4F3A-ACE9-FCD280475F85}.Debug|Any CPU.ActiveCfg = Debug|Any CPU
		{AB354246-2E13-4F3A-ACE9-FCD280475F85}.Debug|Any CPU.Build.0 = Debug|Any CPU
		{AB354246-2E13-4F3A-ACE9-FCD280475F85}.Release|Any CPU.ActiveCfg = Release|Any CPU
		{AB354246-2E13-4F3A-ACE9-FCD280475F85}.Release|Any CPU.Build.0 = Release|Any CPU
	EndGlobalSection
	GlobalSection(SolutionProperties) = preSolution
		HideSolutionNode = FALSE
	EndGlobalSection
	GlobalSection(ExtensibilityGlobals) = postSolution
		SolutionGuid = {5FF617AA-C5FD-48CB-92BD-7927D60382F4}
	EndGlobalSection
EndGlobal
